{
  "name": "lukerz8-pico-theme",
  "version": "1.0.0",
  "lockfileVersion": 1,
  "requires": true,
  "dependencies": {
    "bootstrap": {
      "version": "3.3.7",
      "resolved": "https://registry.npmjs.org/bootstrap/-/bootstrap-3.3.7.tgz",
      "integrity": "sha1-WjiTlFSfIzMIdaOxUGVldPip63E="
    },
    "font-awesome": {
      "version": "4.7.0",
      "resolved": "https://registry.npmjs.org/font-awesome/-/font-awesome-4.7.0.tgz",
      "integrity": "sha1-j6jPBBGhoxr9B7BtKQK7n8gVoTM="
    },
    "jquery": {
      "version": "3.2.1",
      "resolved": "https://registry.npmjs.org/jquery/-/jquery-3.2.1.tgz",
      "integrity": "sha1-XE2d5lKvbNCncBVKYxu6ErAVx4c="
    },
    "ledj": {
      "version": "0.2.3",
      "resolved": "https://registry.npmjs.org/ledj/-/ledj-0.2.3.tgz",
      "integrity": "sha512-zgKfRs5TP7s8T/Ff+avzr+HChhzQ+ukWoFS4xFEkxwmp2A0MH7jgoqOyJJ8AJvfMDsB6HchMD3R4aEG4OPT1fA=="
    },
    "lodash": {
      "version": "4.17.4",
      "resolved": "https://registry.npmjs.org/lodash/-/lodash-4.17.4.tgz",
      "integrity": "sha1-eCA6TRwyiuHYbcpkYONptX9AVa4="
    },
    "moment": {
      "version": "2.20.1",
      "resolved": "https://registry.npmjs.org/moment/-/moment-2.20.1.tgz",
      "integrity": "sha512-Yh9y73JRljxW5QxN08Fner68eFLxM5ynNOAw2LbIB1YAGeQzZT8QFSUvkAz609Zf+IHhhaUxqZK8dG3W/+HEvg=="
    },
    "sidebar-links": {
      "version": "0.1.0",
      "resolved": "https://registry.npmjs.org/sidebar-links/-/sidebar-links-0.1.0.tgz",
      "integrity": "sha512-OQSmv5yIO/+douihiP0mUYUHCcacQKZQmpzetPJcTPC5OgBo8hjza/At6F3n1YOApUXrmDK/BTWc7mPKMZeWbQ=="
    }
  }
}
